
Microsoft Visual Studio Solution File, Format Version 12.00
# Visual Studio 15
VisualStudioVersion = 15.0.26430.13
MinimumVisualStudioVersion = 10.0.40219.1
Project("{FAE04EC0-301F-11D3-BF4B-00C04F79EFBC}") = "SourceCode.Clay", "src\SourceCode.Clay\SourceCode.Clay.csproj", "{D029C294-B983-4173-9220-550175041CC0}"
EndProject
Project("{2150E333-8FDC-42A3-9474-1A3956D46DE8}") = "tests", "tests", "{C8ACBBA9-16BD-4361-A5FB-B35278752B19}"
EndProject
Project("{9A19103F-16F7-4668-BE54-9A1E7A4F7556}") = "SourceCode.Clay.Tests", "src\SourceCode.Clay.Tests\SourceCode.Clay.Tests.csproj", "{4B6223A6-3156-486B-808B-6B18AAADBF63}"
EndProject
Project("{9A19103F-16F7-4668-BE54-9A1E7A4F7556}") = "SourceCode.Clay.Buffers", "src\SourceCode.Clay.Buffers\SourceCode.Clay.Buffers.csproj", "{8FF666DA-C555-4D21-96D1-73289057EC1E}"
EndProject
Project("{9A19103F-16F7-4668-BE54-9A1E7A4F7556}") = "SourceCode.Clay.Buffers.Tests", "src\SourceCode.Clay.Buffers.Tests\SourceCode.Clay.Buffers.Tests.csproj", "{6745404E-CC66-4226-A28D-6E2C16357863}"
EndProject
Project("{9A19103F-16F7-4668-BE54-9A1E7A4F7556}") = "SourceCode.Clay.Text", "src\SourceCode.Clay.Text\SourceCode.Clay.Text.csproj", "{19DA033D-DCDE-4961-96BE-9A0CCE533541}"
EndProject
Project("{9A19103F-16F7-4668-BE54-9A1E7A4F7556}") = "SourceCode.Clay.Text.Tests", "src\SourceCode.Clay.Text.Tests\SourceCode.Clay.Text.Tests.csproj", "{73A1EB52-BBB7-44F7-A947-9513E5A2D4CF}"
EndProject
Project("{9A19103F-16F7-4668-BE54-9A1E7A4F7556}") = "SourceCode.Clay.Collections", "src\SourceCode.Clay.Collections\SourceCode.Clay.Collections.csproj", "{DAA43329-D360-44FC-A093-B84E72A6A856}"
EndProject
Project("{9A19103F-16F7-4668-BE54-9A1E7A4F7556}") = "SourceCode.Clay.Collections.Tests", "src\SourceCode.Clay.Collections.Tests\SourceCode.Clay.Collections.Tests.csproj", "{7E20382C-A1AE-4D67-AE08-F26E4B54D472}"
EndProject
Global
	GlobalSection(SolutionConfigurationPlatforms) = preSolution
		Debug|Any CPU = Debug|Any CPU
		Release|Any CPU = Release|Any CPU
	EndGlobalSection
	GlobalSection(ProjectConfigurationPlatforms) = postSolution
		{D029C294-B983-4173-9220-550175041CC0}.Debug|Any CPU.ActiveCfg = Debug|Any CPU
		{D029C294-B983-4173-9220-550175041CC0}.Debug|Any CPU.Build.0 = Debug|Any CPU
		{D029C294-B983-4173-9220-550175041CC0}.Release|Any CPU.ActiveCfg = Release|Any CPU
		{D029C294-B983-4173-9220-550175041CC0}.Release|Any CPU.Build.0 = Release|Any CPU
		{4B6223A6-3156-486B-808B-6B18AAADBF63}.Debug|Any CPU.ActiveCfg = Debug|Any CPU
		{4B6223A6-3156-486B-808B-6B18AAADBF63}.Debug|Any CPU.Build.0 = Debug|Any CPU
		{4B6223A6-3156-486B-808B-6B18AAADBF63}.Release|Any CPU.ActiveCfg = Release|Any CPU
		{4B6223A6-3156-486B-808B-6B18AAADBF63}.Release|Any CPU.Build.0 = Release|Any CPU
		{8FF666DA-C555-4D21-96D1-73289057EC1E}.Debug|Any CPU.ActiveCfg = Debug|Any CPU
		{8FF666DA-C555-4D21-96D1-73289057EC1E}.Debug|Any CPU.Build.0 = Debug|Any CPU
		{8FF666DA-C555-4D21-96D1-73289057EC1E}.Release|Any CPU.ActiveCfg = Release|Any CPU
		{8FF666DA-C555-4D21-96D1-73289057EC1E}.Release|Any CPU.Build.0 = Release|Any CPU
		{6745404E-CC66-4226-A28D-6E2C16357863}.Debug|Any CPU.ActiveCfg = Debug|Any CPU
		{6745404E-CC66-4226-A28D-6E2C16357863}.Debug|Any CPU.Build.0 = Debug|Any CPU
		{6745404E-CC66-4226-A28D-6E2C16357863}.Release|Any CPU.ActiveCfg = Release|Any CPU
		{6745404E-CC66-4226-A28D-6E2C16357863}.Release|Any CPU.Build.0 = Release|Any CPU
		{19DA033D-DCDE-4961-96BE-9A0CCE533541}.Debug|Any CPU.ActiveCfg = Debug|Any CPU
		{19DA033D-DCDE-4961-96BE-9A0CCE533541}.Debug|Any CPU.Build.0 = Debug|Any CPU
		{19DA033D-DCDE-4961-96BE-9A0CCE533541}.Release|Any CPU.ActiveCfg = Release|Any CPU
		{19DA033D-DCDE-4961-96BE-9A0CCE533541}.Release|Any CPU.Build.0 = Release|Any CPU
		{73A1EB52-BBB7-44F7-A947-9513E5A2D4CF}.Debug|Any CPU.ActiveCfg = Debug|Any CPU
		{73A1EB52-BBB7-44F7-A947-9513E5A2D4CF}.Debug|Any CPU.Build.0 = Debug|Any CPU
		{73A1EB52-BBB7-44F7-A947-9513E5A2D4CF}.Release|Any CPU.ActiveCfg = Release|Any CPU
		{73A1EB52-BBB7-44F7-A947-9513E5A2D4CF}.Release|Any CPU.Build.0 = Release|Any CPU
		{DAA43329-D360-44FC-A093-B84E72A6A856}.Debug|Any CPU.ActiveCfg = Debug|Any CPU
		{DAA43329-D360-44FC-A093-B84E72A6A856}.Debug|Any CPU.Build.0 = Debug|Any CPU
		{DAA43329-D360-44FC-A093-B84E72A6A856}.Release|Any CPU.ActiveCfg = Release|Any CPU
		{DAA43329-D360-44FC-A093-B84E72A6A856}.Release|Any CPU.Build.0 = Release|Any CPU
		{7E20382C-A1AE-4D67-AE08-F26E4B54D472}.Debug|Any CPU.ActiveCfg = Debug|Any CPU
		{7E20382C-A1AE-4D67-AE08-F26E4B54D472}.Debug|Any CPU.Build.0 = Debug|Any CPU
		{7E20382C-A1AE-4D67-AE08-F26E4B54D472}.Release|Any CPU.ActiveCfg = Release|Any CPU
		{7E20382C-A1AE-4D67-AE08-F26E4B54D472}.Release|Any CPU.Build.0 = Release|Any CPU
	EndGlobalSection
	GlobalSection(SolutionProperties) = preSolution
		HideSolutionNode = FALSE
	EndGlobalSection
	GlobalSection(NestedProjects) = preSolution
		{4B6223A6-3156-486B-808B-6B18AAADBF63} = {C8ACBBA9-16BD-4361-A5FB-B35278752B19}
		{6745404E-CC66-4226-A28D-6E2C16357863} = {C8ACBBA9-16BD-4361-A5FB-B35278752B19}
		{73A1EB52-BBB7-44F7-A947-9513E5A2D4CF} = {C8ACBBA9-16BD-4361-A5FB-B35278752B19}
		{7E20382C-A1AE-4D67-AE08-F26E4B54D472} = {C8ACBBA9-16BD-4361-A5FB-B35278752B19}
	EndGlobalSection
EndGlobal
