
Microsoft Visual Studio Solution File, Format Version 12.00
# Visual Studio 15
VisualStudioVersion = 15.0.27110.0
MinimumVisualStudioVersion = 10.0.40219.1
Project("{9A19103F-16F7-4668-BE54-9A1E7A4F7556}") = "SourceCode.Clay", "src\SourceCode.Clay\SourceCode.Clay.csproj", "{D029C294-B983-4173-9220-550175041CC0}"
EndProject
Project("{2150E333-8FDC-42A3-9474-1A3956D46DE8}") = ".tests", ".tests", "{C8ACBBA9-16BD-4361-A5FB-B35278752B19}"
EndProject
Project("{9A19103F-16F7-4668-BE54-9A1E7A4F7556}") = "SourceCode.Clay.Tests", "src\SourceCode.Clay.Tests\SourceCode.Clay.Tests.csproj", "{4B6223A6-3156-486B-808B-6B18AAADBF63}"
EndProject
Project("{9A19103F-16F7-4668-BE54-9A1E7A4F7556}") = "SourceCode.Clay.Buffers", "src\SourceCode.Clay.Buffers\SourceCode.Clay.Buffers.csproj", "{8FF666DA-C555-4D21-96D1-73289057EC1E}"
EndProject
Project("{9A19103F-16F7-4668-BE54-9A1E7A4F7556}") = "SourceCode.Clay.Buffers.Tests", "src\SourceCode.Clay.Buffers.Tests\SourceCode.Clay.Buffers.Tests.csproj", "{6745404E-CC66-4226-A28D-6E2C16357863}"
EndProject
Project("{9A19103F-16F7-4668-BE54-9A1E7A4F7556}") = "SourceCode.Clay.Text", "src\SourceCode.Clay.Text\SourceCode.Clay.Text.csproj", "{19DA033D-DCDE-4961-96BE-9A0CCE533541}"
EndProject
Project("{9A19103F-16F7-4668-BE54-9A1E7A4F7556}") = "SourceCode.Clay.Text.Tests", "src\SourceCode.Clay.Text.Tests\SourceCode.Clay.Text.Tests.csproj", "{73A1EB52-BBB7-44F7-A947-9513E5A2D4CF}"
EndProject
Project("{9A19103F-16F7-4668-BE54-9A1E7A4F7556}") = "SourceCode.Clay.Collections", "src\SourceCode.Clay.Collections\SourceCode.Clay.Collections.csproj", "{DAA43329-D360-44FC-A093-B84E72A6A856}"
EndProject
Project("{9A19103F-16F7-4668-BE54-9A1E7A4F7556}") = "SourceCode.Clay.Collections.Tests", "src\SourceCode.Clay.Collections.Tests\SourceCode.Clay.Collections.Tests.csproj", "{7E20382C-A1AE-4D67-AE08-F26E4B54D472}"
EndProject
Project("{9A19103F-16F7-4668-BE54-9A1E7A4F7556}") = "SourceCode.Clay.Data", "src\SourceCode.Clay.Data\SourceCode.Clay.Data.csproj", "{323ED161-1D48-42C1-B312-3C93559DA6B7}"
EndProject
Project("{9A19103F-16F7-4668-BE54-9A1E7A4F7556}") = "SourceCode.Clay.Data.Tests", "src\SourceCode.Clay.Data.Tests\SourceCode.Clay.Data.Tests.csproj", "{D602DE90-7BB2-491A-98D4-22A9E45E6869}"
EndProject
Project("{9A19103F-16F7-4668-BE54-9A1E7A4F7556}") = "SourceCode.Clay.Json", "src\SourceCode.Clay.Json\SourceCode.Clay.Json.csproj", "{93785833-A2A6-4FB7-87EC-2AFCF49A7186}"
EndProject
Project("{9A19103F-16F7-4668-BE54-9A1E7A4F7556}") = "SourceCode.Clay.Json.Tests", "src\SourceCode.Clay.Json.Tests\SourceCode.Clay.Json.Tests.csproj", "{83089EA0-510E-43A4-B316-FADC3C1D4C67}"
EndProject
Project("{9A19103F-16F7-4668-BE54-9A1E7A4F7556}") = "SourceCode.Clay.Collections.Bench", "src\SourceCode.Clay.Collections.Bench\SourceCode.Clay.Collections.Bench.csproj", "{C0107BC5-3058-40DD-AC85-FF3E0F9404B2}"
EndProject
Project("{9A19103F-16F7-4668-BE54-9A1E7A4F7556}") = "SourceCode.Clay.OpenApi", "src\SourceCode.Clay.OpenApi\SourceCode.Clay.OpenApi.csproj", "{70A6FD5F-A1DE-4443-8233-110C94011215}"
EndProject
Project("{9A19103F-16F7-4668-BE54-9A1E7A4F7556}") = "SourceCode.Clay.OpenApi.Tests", "src\SourceCode.Clay.OpenApi.Tests\SourceCode.Clay.OpenApi.Tests.csproj", "{D54EA12F-1949-4BC3-A119-6FD48869DEDA}"
EndProject
Project("{9A19103F-16F7-4668-BE54-9A1E7A4F7556}") = "SourceCode.Clay.Threading", "src\SourceCode.Clay.Threading\SourceCode.Clay.Threading.csproj", "{EC96B9A0-9244-4AA3-B6FA-366C1226ACCD}"
EndProject
Project("{9A19103F-16F7-4668-BE54-9A1E7A4F7556}") = "SourceCode.Clay.Threading.Tests", "src\SourceCode.Clay.Threading.Tests\SourceCode.Clay.Threading.Tests.csproj", "{E23B716F-DAF6-42EF-A5A8-DDEFAD26D916}"
EndProject
Project("{2150E333-8FDC-42A3-9474-1A3956D46DE8}") = ".files", ".files", "{B2F708DF-EF63-4F62-A95D-9A148D01421E}"
	ProjectSection(SolutionItems) = preProject
		appveyor.yml = appveyor.yml
		CodeMaid.config = CodeMaid.config
		Directory.Build.props = Directory.Build.props
		LICENSE = LICENSE
		nuget.config = nuget.config
		README.md = README.md
	EndProjectSection
EndProject
Project("{9A19103F-16F7-4668-BE54-9A1E7A4F7556}") = "SourceCode.Clay.Json.Bench", "src\SourceCode.Clay.Json.Bench\SourceCode.Clay.Json.Bench.csproj", "{7AB59F3C-9B6B-4E3F-9BFE-95F99435CD6B}"
EndProject
Global
	GlobalSection(SolutionConfigurationPlatforms) = preSolution
		Debug|Any CPU = Debug|Any CPU
		Release|Any CPU = Release|Any CPU
	EndGlobalSection
	GlobalSection(ProjectConfigurationPlatforms) = postSolution
		{D029C294-B983-4173-9220-550175041CC0}.Debug|Any CPU.ActiveCfg = Debug|Any CPU
		{D029C294-B983-4173-9220-550175041CC0}.Debug|Any CPU.Build.0 = Debug|Any CPU
		{D029C294-B983-4173-9220-550175041CC0}.Release|Any CPU.ActiveCfg = Release|Any CPU
		{D029C294-B983-4173-9220-550175041CC0}.Release|Any CPU.Build.0 = Release|Any CPU
		{4B6223A6-3156-486B-808B-6B18AAADBF63}.Debug|Any CPU.ActiveCfg = Debug|Any CPU
		{4B6223A6-3156-486B-808B-6B18AAADBF63}.Debug|Any CPU.Build.0 = Debug|Any CPU
		{4B6223A6-3156-486B-808B-6B18AAADBF63}.Release|Any CPU.ActiveCfg = Release|Any CPU
		{4B6223A6-3156-486B-808B-6B18AAADBF63}.Release|Any CPU.Build.0 = Release|Any CPU
		{8FF666DA-C555-4D21-96D1-73289057EC1E}.Debug|Any CPU.ActiveCfg = Debug|Any CPU
		{8FF666DA-C555-4D21-96D1-73289057EC1E}.Debug|Any CPU.Build.0 = Debug|Any CPU
		{8FF666DA-C555-4D21-96D1-73289057EC1E}.Release|Any CPU.ActiveCfg = Release|Any CPU
		{8FF666DA-C555-4D21-96D1-73289057EC1E}.Release|Any CPU.Build.0 = Release|Any CPU
		{6745404E-CC66-4226-A28D-6E2C16357863}.Debug|Any CPU.ActiveCfg = Debug|Any CPU
		{6745404E-CC66-4226-A28D-6E2C16357863}.Debug|Any CPU.Build.0 = Debug|Any CPU
		{6745404E-CC66-4226-A28D-6E2C16357863}.Release|Any CPU.ActiveCfg = Release|Any CPU
		{6745404E-CC66-4226-A28D-6E2C16357863}.Release|Any CPU.Build.0 = Release|Any CPU
		{19DA033D-DCDE-4961-96BE-9A0CCE533541}.Debug|Any CPU.ActiveCfg = Debug|Any CPU
		{19DA033D-DCDE-4961-96BE-9A0CCE533541}.Debug|Any CPU.Build.0 = Debug|Any CPU
		{19DA033D-DCDE-4961-96BE-9A0CCE533541}.Release|Any CPU.ActiveCfg = Release|Any CPU
		{19DA033D-DCDE-4961-96BE-9A0CCE533541}.Release|Any CPU.Build.0 = Release|Any CPU
		{73A1EB52-BBB7-44F7-A947-9513E5A2D4CF}.Debug|Any CPU.ActiveCfg = Debug|Any CPU
		{73A1EB52-BBB7-44F7-A947-9513E5A2D4CF}.Debug|Any CPU.Build.0 = Debug|Any CPU
		{73A1EB52-BBB7-44F7-A947-9513E5A2D4CF}.Release|Any CPU.ActiveCfg = Release|Any CPU
		{73A1EB52-BBB7-44F7-A947-9513E5A2D4CF}.Release|Any CPU.Build.0 = Release|Any CPU
		{DAA43329-D360-44FC-A093-B84E72A6A856}.Debug|Any CPU.ActiveCfg = Debug|Any CPU
		{DAA43329-D360-44FC-A093-B84E72A6A856}.Debug|Any CPU.Build.0 = Debug|Any CPU
		{DAA43329-D360-44FC-A093-B84E72A6A856}.Release|Any CPU.ActiveCfg = Release|Any CPU
		{DAA43329-D360-44FC-A093-B84E72A6A856}.Release|Any CPU.Build.0 = Release|Any CPU
		{7E20382C-A1AE-4D67-AE08-F26E4B54D472}.Debug|Any CPU.ActiveCfg = Debug|Any CPU
		{7E20382C-A1AE-4D67-AE08-F26E4B54D472}.Debug|Any CPU.Build.0 = Debug|Any CPU
		{7E20382C-A1AE-4D67-AE08-F26E4B54D472}.Release|Any CPU.ActiveCfg = Release|Any CPU
		{7E20382C-A1AE-4D67-AE08-F26E4B54D472}.Release|Any CPU.Build.0 = Release|Any CPU
		{323ED161-1D48-42C1-B312-3C93559DA6B7}.Debug|Any CPU.ActiveCfg = Debug|Any CPU
		{323ED161-1D48-42C1-B312-3C93559DA6B7}.Debug|Any CPU.Build.0 = Debug|Any CPU
		{323ED161-1D48-42C1-B312-3C93559DA6B7}.Release|Any CPU.ActiveCfg = Release|Any CPU
		{323ED161-1D48-42C1-B312-3C93559DA6B7}.Release|Any CPU.Build.0 = Release|Any CPU
		{D602DE90-7BB2-491A-98D4-22A9E45E6869}.Debug|Any CPU.ActiveCfg = Debug|Any CPU
		{D602DE90-7BB2-491A-98D4-22A9E45E6869}.Debug|Any CPU.Build.0 = Debug|Any CPU
		{D602DE90-7BB2-491A-98D4-22A9E45E6869}.Release|Any CPU.ActiveCfg = Release|Any CPU
		{D602DE90-7BB2-491A-98D4-22A9E45E6869}.Release|Any CPU.Build.0 = Release|Any CPU
		{93785833-A2A6-4FB7-87EC-2AFCF49A7186}.Debug|Any CPU.ActiveCfg = Debug|Any CPU
		{93785833-A2A6-4FB7-87EC-2AFCF49A7186}.Debug|Any CPU.Build.0 = Debug|Any CPU
		{93785833-A2A6-4FB7-87EC-2AFCF49A7186}.Release|Any CPU.ActiveCfg = Release|Any CPU
		{93785833-A2A6-4FB7-87EC-2AFCF49A7186}.Release|Any CPU.Build.0 = Release|Any CPU
		{83089EA0-510E-43A4-B316-FADC3C1D4C67}.Debug|Any CPU.ActiveCfg = Debug|Any CPU
		{83089EA0-510E-43A4-B316-FADC3C1D4C67}.Debug|Any CPU.Build.0 = Debug|Any CPU
		{83089EA0-510E-43A4-B316-FADC3C1D4C67}.Release|Any CPU.ActiveCfg = Release|Any CPU
		{83089EA0-510E-43A4-B316-FADC3C1D4C67}.Release|Any CPU.Build.0 = Release|Any CPU
		{C0107BC5-3058-40DD-AC85-FF3E0F9404B2}.Debug|Any CPU.ActiveCfg = Debug|Any CPU
		{C0107BC5-3058-40DD-AC85-FF3E0F9404B2}.Debug|Any CPU.Build.0 = Debug|Any CPU
		{C0107BC5-3058-40DD-AC85-FF3E0F9404B2}.Release|Any CPU.ActiveCfg = Release|Any CPU
		{C0107BC5-3058-40DD-AC85-FF3E0F9404B2}.Release|Any CPU.Build.0 = Release|Any CPU
		{70A6FD5F-A1DE-4443-8233-110C94011215}.Debug|Any CPU.ActiveCfg = Debug|Any CPU
		{70A6FD5F-A1DE-4443-8233-110C94011215}.Debug|Any CPU.Build.0 = Debug|Any CPU
		{70A6FD5F-A1DE-4443-8233-110C94011215}.Release|Any CPU.ActiveCfg = Release|Any CPU
		{70A6FD5F-A1DE-4443-8233-110C94011215}.Release|Any CPU.Build.0 = Release|Any CPU
		{D54EA12F-1949-4BC3-A119-6FD48869DEDA}.Debug|Any CPU.ActiveCfg = Debug|Any CPU
		{D54EA12F-1949-4BC3-A119-6FD48869DEDA}.Debug|Any CPU.Build.0 = Debug|Any CPU
		{D54EA12F-1949-4BC3-A119-6FD48869DEDA}.Release|Any CPU.ActiveCfg = Release|Any CPU
		{D54EA12F-1949-4BC3-A119-6FD48869DEDA}.Release|Any CPU.Build.0 = Release|Any CPU
		{EC96B9A0-9244-4AA3-B6FA-366C1226ACCD}.Debug|Any CPU.ActiveCfg = Debug|Any CPU
		{EC96B9A0-9244-4AA3-B6FA-366C1226ACCD}.Debug|Any CPU.Build.0 = Debug|Any CPU
		{EC96B9A0-9244-4AA3-B6FA-366C1226ACCD}.Release|Any CPU.ActiveCfg = Release|Any CPU
		{EC96B9A0-9244-4AA3-B6FA-366C1226ACCD}.Release|Any CPU.Build.0 = Release|Any CPU
		{E23B716F-DAF6-42EF-A5A8-DDEFAD26D916}.Debug|Any CPU.ActiveCfg = Debug|Any CPU
		{E23B716F-DAF6-42EF-A5A8-DDEFAD26D916}.Debug|Any CPU.Build.0 = Debug|Any CPU
		{E23B716F-DAF6-42EF-A5A8-DDEFAD26D916}.Release|Any CPU.ActiveCfg = Release|Any CPU
		{E23B716F-DAF6-42EF-A5A8-DDEFAD26D916}.Release|Any CPU.Build.0 = Release|Any CPU
		{7AB59F3C-9B6B-4E3F-9BFE-95F99435CD6B}.Debug|Any CPU.ActiveCfg = Debug|Any CPU
		{7AB59F3C-9B6B-4E3F-9BFE-95F99435CD6B}.Debug|Any CPU.Build.0 = Debug|Any CPU
		{7AB59F3C-9B6B-4E3F-9BFE-95F99435CD6B}.Release|Any CPU.ActiveCfg = Release|Any CPU
		{7AB59F3C-9B6B-4E3F-9BFE-95F99435CD6B}.Release|Any CPU.Build.0 = Release|Any CPU
	EndGlobalSection
	GlobalSection(SolutionProperties) = preSolution
		HideSolutionNode = FALSE
	EndGlobalSection
	GlobalSection(NestedProjects) = preSolution
		{4B6223A6-3156-486B-808B-6B18AAADBF63} = {C8ACBBA9-16BD-4361-A5FB-B35278752B19}
		{6745404E-CC66-4226-A28D-6E2C16357863} = {C8ACBBA9-16BD-4361-A5FB-B35278752B19}
		{73A1EB52-BBB7-44F7-A947-9513E5A2D4CF} = {C8ACBBA9-16BD-4361-A5FB-B35278752B19}
		{7E20382C-A1AE-4D67-AE08-F26E4B54D472} = {C8ACBBA9-16BD-4361-A5FB-B35278752B19}
		{D602DE90-7BB2-491A-98D4-22A9E45E6869} = {C8ACBBA9-16BD-4361-A5FB-B35278752B19}
		{83089EA0-510E-43A4-B316-FADC3C1D4C67} = {C8ACBBA9-16BD-4361-A5FB-B35278752B19}
		{C0107BC5-3058-40DD-AC85-FF3E0F9404B2} = {C8ACBBA9-16BD-4361-A5FB-B35278752B19}
		{D54EA12F-1949-4BC3-A119-6FD48869DEDA} = {C8ACBBA9-16BD-4361-A5FB-B35278752B19}
		{E23B716F-DAF6-42EF-A5A8-DDEFAD26D916} = {C8ACBBA9-16BD-4361-A5FB-B35278752B19}
		{7AB59F3C-9B6B-4E3F-9BFE-95F99435CD6B} = {C8ACBBA9-16BD-4361-A5FB-B35278752B19}
	EndGlobalSection
	GlobalSection(ExtensibilityGlobals) = postSolution
		SolutionGuid = {F9F58E15-1F9A-4AAC-831F-9C7A81512C01}
	EndGlobalSection
EndGlobal
