
Microsoft Visual Studio Solution File, Format Version 12.00
# Visual Studio Version 16
VisualStudioVersion = 16.0.28809.33
MinimumVisualStudioVersion = 10.0.40219.1
Project("{9A19103F-16F7-4668-BE54-9A1E7A4F7556}") = "SourceCode.Clay", "src\SourceCode.Clay\SourceCode.Clay.csproj", "{D029C294-B983-4173-9220-550175041CC0}"
EndProject
Project("{2150E333-8FDC-42A3-9474-1A3956D46DE8}") = ".tests", ".tests", "{C8ACBBA9-16BD-4361-A5FB-B35278752B19}"
EndProject
Project("{9A19103F-16F7-4668-BE54-9A1E7A4F7556}") = "SourceCode.Clay.Tests", "tests\SourceCode.Clay.Tests\SourceCode.Clay.Tests.csproj", "{4B6223A6-3156-486B-808B-6B18AAADBF63}"
EndProject
Project("{9A19103F-16F7-4668-BE54-9A1E7A4F7556}") = "SourceCode.Clay.Buffers", "src\SourceCode.Clay.Buffers\SourceCode.Clay.Buffers.csproj", "{8FF666DA-C555-4D21-96D1-73289057EC1E}"
EndProject
Project("{9A19103F-16F7-4668-BE54-9A1E7A4F7556}") = "SourceCode.Clay.Buffers.Tests", "tests\SourceCode.Clay.Buffers.Tests\SourceCode.Clay.Buffers.Tests.csproj", "{6745404E-CC66-4226-A28D-6E2C16357863}"
EndProject
Project("{9A19103F-16F7-4668-BE54-9A1E7A4F7556}") = "SourceCode.Clay.Collections", "src\SourceCode.Clay.Collections\SourceCode.Clay.Collections.csproj", "{DAA43329-D360-44FC-A093-B84E72A6A856}"
EndProject
Project("{9A19103F-16F7-4668-BE54-9A1E7A4F7556}") = "SourceCode.Clay.Collections.Tests", "tests\SourceCode.Clay.Collections.Tests\SourceCode.Clay.Collections.Tests.csproj", "{7E20382C-A1AE-4D67-AE08-F26E4B54D472}"
EndProject
Project("{9A19103F-16F7-4668-BE54-9A1E7A4F7556}") = "SourceCode.Clay.Json", "src\SourceCode.Clay.Json\SourceCode.Clay.Json.csproj", "{93785833-A2A6-4FB7-87EC-2AFCF49A7186}"
EndProject
Project("{9A19103F-16F7-4668-BE54-9A1E7A4F7556}") = "SourceCode.Clay.Json.Tests", "tests\SourceCode.Clay.Json.Tests\SourceCode.Clay.Json.Tests.csproj", "{83089EA0-510E-43A4-B316-FADC3C1D4C67}"
EndProject
Project("{9A19103F-16F7-4668-BE54-9A1E7A4F7556}") = "SourceCode.Clay.Collections.Bench", "tests\SourceCode.Clay.Collections.Bench\SourceCode.Clay.Collections.Bench.csproj", "{C0107BC5-3058-40DD-AC85-FF3E0F9404B2}"
EndProject
Project("{2150E333-8FDC-42A3-9474-1A3956D46DE8}") = ".files", ".files", "{B2F708DF-EF63-4F62-A95D-9A148D01421E}"
	ProjectSection(SolutionItems) = preProject
		.editorconfig = .editorconfig
		appveyor.yml = appveyor.yml
		Directory.Build.props = Directory.Build.props
		LICENSE = LICENSE
		nuget.config = nuget.config
		README.md = README.md
	EndProjectSection
EndProject
Project("{9A19103F-16F7-4668-BE54-9A1E7A4F7556}") = "SourceCode.Clay.Json.Bench", "tests\SourceCode.Clay.Json.Bench\SourceCode.Clay.Json.Bench.csproj", "{7AB59F3C-9B6B-4E3F-9BFE-95F99435CD6B}"
EndProject
Project("{9A19103F-16F7-4668-BE54-9A1E7A4F7556}") = "SourceCode.Clay.IO", "src\SourceCode.Clay.IO\SourceCode.Clay.IO.csproj", "{03B741C3-837F-41D5-9129-0674ECF7FB44}"
EndProject
Project("{9A19103F-16F7-4668-BE54-9A1E7A4F7556}") = "SourceCode.Clay.IO.Tests", "tests\SourceCode.Clay.IO.Tests\SourceCode.Clay.IO.Tests.csproj", "{14DA1C2D-3A63-4993-847A-15F6E4659E52}"
EndProject
Project("{9A19103F-16F7-4668-BE54-9A1E7A4F7556}") = "SourceCode.Clay.Security", "src\SourceCode.Clay.Security\SourceCode.Clay.Security.csproj", "{28690A32-2A29-40AE-BE4A-DC00F6346791}"
EndProject
Project("{9A19103F-16F7-4668-BE54-9A1E7A4F7556}") = "SourceCode.Clay.Security.Tests", "tests\SourceCode.Clay.Security.Tests\SourceCode.Clay.Security.Tests.csproj", "{C1F19A6E-C89C-4A23-84D6-7E2008A0BA23}"
EndProject
Project("{9A19103F-16F7-4668-BE54-9A1E7A4F7556}") = "SourceCode.Clay.Algorithms.Bench", "tests\SourceCode.Clay.Algorithms.Bench\SourceCode.Clay.Algorithms.Bench.csproj", "{9CE85CF8-5C27-4D33-B3D3-44FEB306DDDD}"
EndProject
Project("{9A19103F-16F7-4668-BE54-9A1E7A4F7556}") = "SourceCode.Clay.Buffers.Bench", "tests\SourceCode.Clay.Buffers.Bench\SourceCode.Clay.Buffers.Bench.csproj", "{7F4C3CD6-C310-408B-B3C6-68D6774998EF}"
EndProject
Project("{9A19103F-16F7-4668-BE54-9A1E7A4F7556}") = "SourceCode.Clay.Correlation", "src\SourceCode.Clay.Correlation\SourceCode.Clay.Correlation.csproj", "{14CE5BAB-76C4-4547-B31E-B2C5F314937C}"
EndProject
Project("{9A19103F-16F7-4668-BE54-9A1E7A4F7556}") = "SourceCode.Clay.Correlation.Tests", "tests\SourceCode.Clay.Correlation.Tests\SourceCode.Clay.Correlation.Tests.csproj", "{3A853E5E-DC07-4B56-AB0F-B3DD787FEA42}"
EndProject
Project("{9A19103F-16F7-4668-BE54-9A1E7A4F7556}") = "SourceCode.Clay.Primitives", "src\SourceCode.Clay.Primitives\SourceCode.Clay.Primitives.csproj", "{CAC22BDB-28E6-446B-8A51-52F614864618}"
EndProject
Project("{9A19103F-16F7-4668-BE54-9A1E7A4F7556}") = "SourceCode.Clay.Primitives.Tests", "tests\SourceCode.Clay.Primitives.Tests\SourceCode.Clay.Primitives.Tests.csproj", "{5626F79F-66AB-4B5F-834D-CC14B88A270B}"
EndProject
Project("{9A19103F-16F7-4668-BE54-9A1E7A4F7556}") = "SourceCode.Clay.Algorithms.GraphTraversal", "src\SourceCode.Clay.Algorithms.GraphTraversal\SourceCode.Clay.Algorithms.GraphTraversal.csproj", "{653D4066-B697-4D6A-8704-6C9122F7FA36}"
EndProject
Project("{9A19103F-16F7-4668-BE54-9A1E7A4F7556}") = "SourceCode.Clay.Algorithms.GraphTraversal.Tests", "tests\SourceCode.Clay.Algorithms.GraphTraversal.Tests\SourceCode.Clay.Algorithms.GraphTraversal.Tests.csproj", "{53C1CDA7-4038-4BBE-A773-514CF7E5D6FD}"
EndProject
Project("{9A19103F-16F7-4668-BE54-9A1E7A4F7556}") = "SourceCode.Clay.Algorithms.Random", "src\SourceCode.Clay.Algorithms.Random\SourceCode.Clay.Algorithms.Random.csproj", "{DD66A2EB-C46F-4F78-A2EE-27B80750D971}"
EndProject
Project("{9A19103F-16F7-4668-BE54-9A1E7A4F7556}") = "SourceCode.Clay.Algorithms.Random.Tests", "tests\SourceCode.Clay.Algorithms.Random.Tests\SourceCode.Clay.Algorithms.Random.Tests.csproj", "{749409AA-FE94-4189-A9F0-080EC3448FF5}"
EndProject
Project("{9A19103F-16F7-4668-BE54-9A1E7A4F7556}") = "SourceCode.Clay.Net.UrlTemplate.Tests", "tests\SourceCode.Clay.Net.UrlTemplate.Tests\SourceCode.Clay.Net.UrlTemplate.Tests.csproj", "{BC3F4A8E-9E00-48E8-84C7-365385261E24}"
EndProject
Project("{9A19103F-16F7-4668-BE54-9A1E7A4F7556}") = "SourceCode.Clay.Net.UrlTemplate", "src\SourceCode.Clay.Net.UrlTemplate\SourceCode.Clay.Net.UrlTemplate.csproj", "{8F10F514-5761-4E29-899E-CC0E265E2BDA}"
EndProject
Project("{9A19103F-16F7-4668-BE54-9A1E7A4F7556}") = "SourceCode.Clay.Data.SqlClient", "src\SourceCode.Clay.Data.SqlClient\SourceCode.Clay.Data.SqlClient.csproj", "{05410B7C-2CC4-448E-9B47-D31A88F19406}"
EndProject
Project("{9A19103F-16F7-4668-BE54-9A1E7A4F7556}") = "SourceCode.Clay.Data.SqlParser", "src\SourceCode.Clay.Data.SqlParser\SourceCode.Clay.Data.SqlParser.csproj", "{95C51415-8CD5-4835-AC1F-5F646361BF61}"
EndProject
Project("{9A19103F-16F7-4668-BE54-9A1E7A4F7556}") = "SourceCode.Clay.Data.SqlClient.Tests", "tests\SourceCode.Clay.Data.SqlClient.Tests\SourceCode.Clay.Data.SqlClient.Tests.csproj", "{3B7326FD-D131-4F16-8E26-AEC62779F434}"
EndProject
Project("{9A19103F-16F7-4668-BE54-9A1E7A4F7556}") = "SourceCode.Clay.Data.SqlParser.Tests", "tests\SourceCode.Clay.Data.SqlParser.Tests\SourceCode.Clay.Data.SqlParser.Tests.csproj", "{74BDE758-D8B5-437D-B6B6-CD64F7E41ADC}"
EndProject
Project("{9A19103F-16F7-4668-BE54-9A1E7A4F7556}") = "SourceCode.Clay.Threading", "src\SourceCode.Clay.Threading\SourceCode.Clay.Threading.csproj", "{0AABD134-FEF6-4E11-BC01-7ACD6357C2A5}"
EndProject
Project("{9A19103F-16F7-4668-BE54-9A1E7A4F7556}") = "SourceCode.Clay.WaitAndRetry", "src\SourceCode.Clay.WaitAndRetry\SourceCode.Clay.WaitAndRetry.csproj", "{5D0247A5-5FC6-4988-9BC4-5F79208635B5}"
EndProject
Project("{9A19103F-16F7-4668-BE54-9A1E7A4F7556}") = "SourceCode.Clay.Threading.Tests", "tests\SourceCode.Clay.Threading.Tests\SourceCode.Clay.Threading.Tests.csproj", "{FD1160FF-7409-4D93-9104-EF01641A017A}"
EndProject
Project("{9A19103F-16F7-4668-BE54-9A1E7A4F7556}") = "SourceCode.Clay.WaitAndRetry.Tests", "tests\SourceCode.Clay.WaitAndRetry.Tests\SourceCode.Clay.WaitAndRetry.Tests.csproj", "{8629B8E9-0EB5-4920-A958-C062B619EFCE}"
EndProject
Project("{2150E333-8FDC-42A3-9474-1A3956D46DE8}") = ".samples", ".samples", "{E57BDA2A-46D1-4782-A85C-7AD542E661AE}"
EndProject
Project("{9A19103F-16F7-4668-BE54-9A1E7A4F7556}") = "MvcCorrelationCustomSample", "samples\SourceCode.Clay.AspNetCore.Correlation\MvcCorrelationIdSample\MvcCorrelationCustomSample.csproj", "{04D5BF18-F2BE-43EC-8863-F7C3DEF5353F}"
EndProject
Project("{9A19103F-16F7-4668-BE54-9A1E7A4F7556}") = "MvcCorrelationMinimalSample", "samples\SourceCode.Clay.AspNetCore.Correlation\MvcMinimalSample\MvcCorrelationMinimalSample.csproj", "{57943693-30DC-4E3F-97CC-D239F0F96D17}"
EndProject
Project("{2150E333-8FDC-42A3-9474-1A3956D46DE8}") = "Correlation", "Correlation", "{A6FC1066-E18D-4616-8512-347688D3C74E}"
EndProject
Project("{9A19103F-16F7-4668-BE54-9A1E7A4F7556}") = "SourceCode.Clay.AspNetCore.Middleware.Correlation", "src\SourceCode.Clay.AspNetCore.Middleware.Correlation\SourceCode.Clay.AspNetCore.Middleware.Correlation.csproj", "{B4A0CF79-87D2-4DF3-B37B-BECB9C7F5968}"
EndProject
Project("{9A19103F-16F7-4668-BE54-9A1E7A4F7556}") = "SourceCode.Clay.AspNetCore.Middleware.Correlation.Tests", "tests\SourceCode.Clay.AspNetCore.Middleware.Correlation.Tests\SourceCode.Clay.AspNetCore.Middleware.Correlation.Tests.csproj", "{054D9B10-4EED-4575-94B4-7B5EA2CCAA51}"
EndProject
Global
	GlobalSection(SolutionConfigurationPlatforms) = preSolution
		Debug|Any CPU = Debug|Any CPU
		Release|Any CPU = Release|Any CPU
	EndGlobalSection
	GlobalSection(ProjectConfigurationPlatforms) = postSolution
		{D029C294-B983-4173-9220-550175041CC0}.Debug|Any CPU.ActiveCfg = Debug|Any CPU
		{D029C294-B983-4173-9220-550175041CC0}.Debug|Any CPU.Build.0 = Debug|Any CPU
		{D029C294-B983-4173-9220-550175041CC0}.Release|Any CPU.ActiveCfg = Release|Any CPU
		{D029C294-B983-4173-9220-550175041CC0}.Release|Any CPU.Build.0 = Release|Any CPU
		{4B6223A6-3156-486B-808B-6B18AAADBF63}.Debug|Any CPU.ActiveCfg = Debug|Any CPU
		{4B6223A6-3156-486B-808B-6B18AAADBF63}.Debug|Any CPU.Build.0 = Debug|Any CPU
		{4B6223A6-3156-486B-808B-6B18AAADBF63}.Release|Any CPU.ActiveCfg = Release|Any CPU
		{4B6223A6-3156-486B-808B-6B18AAADBF63}.Release|Any CPU.Build.0 = Release|Any CPU
		{8FF666DA-C555-4D21-96D1-73289057EC1E}.Debug|Any CPU.ActiveCfg = Debug|Any CPU
		{8FF666DA-C555-4D21-96D1-73289057EC1E}.Debug|Any CPU.Build.0 = Debug|Any CPU
		{8FF666DA-C555-4D21-96D1-73289057EC1E}.Release|Any CPU.ActiveCfg = Release|Any CPU
		{8FF666DA-C555-4D21-96D1-73289057EC1E}.Release|Any CPU.Build.0 = Release|Any CPU
		{6745404E-CC66-4226-A28D-6E2C16357863}.Debug|Any CPU.ActiveCfg = Debug|Any CPU
		{6745404E-CC66-4226-A28D-6E2C16357863}.Debug|Any CPU.Build.0 = Debug|Any CPU
		{6745404E-CC66-4226-A28D-6E2C16357863}.Release|Any CPU.ActiveCfg = Release|Any CPU
		{6745404E-CC66-4226-A28D-6E2C16357863}.Release|Any CPU.Build.0 = Release|Any CPU
		{DAA43329-D360-44FC-A093-B84E72A6A856}.Debug|Any CPU.ActiveCfg = Debug|Any CPU
		{DAA43329-D360-44FC-A093-B84E72A6A856}.Debug|Any CPU.Build.0 = Debug|Any CPU
		{DAA43329-D360-44FC-A093-B84E72A6A856}.Release|Any CPU.ActiveCfg = Release|Any CPU
		{DAA43329-D360-44FC-A093-B84E72A6A856}.Release|Any CPU.Build.0 = Release|Any CPU
		{7E20382C-A1AE-4D67-AE08-F26E4B54D472}.Debug|Any CPU.ActiveCfg = Debug|Any CPU
		{7E20382C-A1AE-4D67-AE08-F26E4B54D472}.Debug|Any CPU.Build.0 = Debug|Any CPU
		{7E20382C-A1AE-4D67-AE08-F26E4B54D472}.Release|Any CPU.ActiveCfg = Release|Any CPU
		{7E20382C-A1AE-4D67-AE08-F26E4B54D472}.Release|Any CPU.Build.0 = Release|Any CPU
		{93785833-A2A6-4FB7-87EC-2AFCF49A7186}.Debug|Any CPU.ActiveCfg = Debug|Any CPU
		{93785833-A2A6-4FB7-87EC-2AFCF49A7186}.Debug|Any CPU.Build.0 = Debug|Any CPU
		{93785833-A2A6-4FB7-87EC-2AFCF49A7186}.Release|Any CPU.ActiveCfg = Release|Any CPU
		{93785833-A2A6-4FB7-87EC-2AFCF49A7186}.Release|Any CPU.Build.0 = Release|Any CPU
		{83089EA0-510E-43A4-B316-FADC3C1D4C67}.Debug|Any CPU.ActiveCfg = Debug|Any CPU
		{83089EA0-510E-43A4-B316-FADC3C1D4C67}.Debug|Any CPU.Build.0 = Debug|Any CPU
		{83089EA0-510E-43A4-B316-FADC3C1D4C67}.Release|Any CPU.ActiveCfg = Release|Any CPU
		{83089EA0-510E-43A4-B316-FADC3C1D4C67}.Release|Any CPU.Build.0 = Release|Any CPU
		{C0107BC5-3058-40DD-AC85-FF3E0F9404B2}.Debug|Any CPU.ActiveCfg = Debug|Any CPU
		{C0107BC5-3058-40DD-AC85-FF3E0F9404B2}.Debug|Any CPU.Build.0 = Debug|Any CPU
		{C0107BC5-3058-40DD-AC85-FF3E0F9404B2}.Release|Any CPU.ActiveCfg = Release|Any CPU
		{C0107BC5-3058-40DD-AC85-FF3E0F9404B2}.Release|Any CPU.Build.0 = Release|Any CPU
		{7AB59F3C-9B6B-4E3F-9BFE-95F99435CD6B}.Debug|Any CPU.ActiveCfg = Debug|Any CPU
		{7AB59F3C-9B6B-4E3F-9BFE-95F99435CD6B}.Debug|Any CPU.Build.0 = Debug|Any CPU
		{7AB59F3C-9B6B-4E3F-9BFE-95F99435CD6B}.Release|Any CPU.ActiveCfg = Release|Any CPU
		{7AB59F3C-9B6B-4E3F-9BFE-95F99435CD6B}.Release|Any CPU.Build.0 = Release|Any CPU
		{03B741C3-837F-41D5-9129-0674ECF7FB44}.Debug|Any CPU.ActiveCfg = Debug|Any CPU
		{03B741C3-837F-41D5-9129-0674ECF7FB44}.Debug|Any CPU.Build.0 = Debug|Any CPU
		{03B741C3-837F-41D5-9129-0674ECF7FB44}.Release|Any CPU.ActiveCfg = Release|Any CPU
		{03B741C3-837F-41D5-9129-0674ECF7FB44}.Release|Any CPU.Build.0 = Release|Any CPU
		{14DA1C2D-3A63-4993-847A-15F6E4659E52}.Debug|Any CPU.ActiveCfg = Debug|Any CPU
		{14DA1C2D-3A63-4993-847A-15F6E4659E52}.Debug|Any CPU.Build.0 = Debug|Any CPU
		{14DA1C2D-3A63-4993-847A-15F6E4659E52}.Release|Any CPU.ActiveCfg = Release|Any CPU
		{14DA1C2D-3A63-4993-847A-15F6E4659E52}.Release|Any CPU.Build.0 = Release|Any CPU
		{28690A32-2A29-40AE-BE4A-DC00F6346791}.Debug|Any CPU.ActiveCfg = Debug|Any CPU
		{28690A32-2A29-40AE-BE4A-DC00F6346791}.Debug|Any CPU.Build.0 = Debug|Any CPU
		{28690A32-2A29-40AE-BE4A-DC00F6346791}.Release|Any CPU.ActiveCfg = Release|Any CPU
		{28690A32-2A29-40AE-BE4A-DC00F6346791}.Release|Any CPU.Build.0 = Release|Any CPU
		{C1F19A6E-C89C-4A23-84D6-7E2008A0BA23}.Debug|Any CPU.ActiveCfg = Debug|Any CPU
		{C1F19A6E-C89C-4A23-84D6-7E2008A0BA23}.Debug|Any CPU.Build.0 = Debug|Any CPU
		{C1F19A6E-C89C-4A23-84D6-7E2008A0BA23}.Release|Any CPU.ActiveCfg = Release|Any CPU
		{C1F19A6E-C89C-4A23-84D6-7E2008A0BA23}.Release|Any CPU.Build.0 = Release|Any CPU
		{9CE85CF8-5C27-4D33-B3D3-44FEB306DDDD}.Debug|Any CPU.ActiveCfg = Debug|Any CPU
		{9CE85CF8-5C27-4D33-B3D3-44FEB306DDDD}.Debug|Any CPU.Build.0 = Debug|Any CPU
		{9CE85CF8-5C27-4D33-B3D3-44FEB306DDDD}.Release|Any CPU.ActiveCfg = Release|Any CPU
		{9CE85CF8-5C27-4D33-B3D3-44FEB306DDDD}.Release|Any CPU.Build.0 = Release|Any CPU
		{7F4C3CD6-C310-408B-B3C6-68D6774998EF}.Debug|Any CPU.ActiveCfg = Debug|Any CPU
		{7F4C3CD6-C310-408B-B3C6-68D6774998EF}.Debug|Any CPU.Build.0 = Debug|Any CPU
		{7F4C3CD6-C310-408B-B3C6-68D6774998EF}.Release|Any CPU.ActiveCfg = Release|Any CPU
		{7F4C3CD6-C310-408B-B3C6-68D6774998EF}.Release|Any CPU.Build.0 = Release|Any CPU
		{14CE5BAB-76C4-4547-B31E-B2C5F314937C}.Debug|Any CPU.ActiveCfg = Debug|Any CPU
		{14CE5BAB-76C4-4547-B31E-B2C5F314937C}.Debug|Any CPU.Build.0 = Debug|Any CPU
		{14CE5BAB-76C4-4547-B31E-B2C5F314937C}.Release|Any CPU.ActiveCfg = Release|Any CPU
		{14CE5BAB-76C4-4547-B31E-B2C5F314937C}.Release|Any CPU.Build.0 = Release|Any CPU
		{3A853E5E-DC07-4B56-AB0F-B3DD787FEA42}.Debug|Any CPU.ActiveCfg = Debug|Any CPU
		{3A853E5E-DC07-4B56-AB0F-B3DD787FEA42}.Debug|Any CPU.Build.0 = Debug|Any CPU
		{3A853E5E-DC07-4B56-AB0F-B3DD787FEA42}.Release|Any CPU.ActiveCfg = Release|Any CPU
		{3A853E5E-DC07-4B56-AB0F-B3DD787FEA42}.Release|Any CPU.Build.0 = Release|Any CPU
		{CAC22BDB-28E6-446B-8A51-52F614864618}.Debug|Any CPU.ActiveCfg = Debug|Any CPU
		{CAC22BDB-28E6-446B-8A51-52F614864618}.Debug|Any CPU.Build.0 = Debug|Any CPU
		{CAC22BDB-28E6-446B-8A51-52F614864618}.Release|Any CPU.ActiveCfg = Release|Any CPU
		{CAC22BDB-28E6-446B-8A51-52F614864618}.Release|Any CPU.Build.0 = Release|Any CPU
		{5626F79F-66AB-4B5F-834D-CC14B88A270B}.Debug|Any CPU.ActiveCfg = Debug|Any CPU
		{5626F79F-66AB-4B5F-834D-CC14B88A270B}.Debug|Any CPU.Build.0 = Debug|Any CPU
		{5626F79F-66AB-4B5F-834D-CC14B88A270B}.Release|Any CPU.ActiveCfg = Release|Any CPU
		{5626F79F-66AB-4B5F-834D-CC14B88A270B}.Release|Any CPU.Build.0 = Release|Any CPU
		{653D4066-B697-4D6A-8704-6C9122F7FA36}.Debug|Any CPU.ActiveCfg = Debug|Any CPU
		{653D4066-B697-4D6A-8704-6C9122F7FA36}.Debug|Any CPU.Build.0 = Debug|Any CPU
		{653D4066-B697-4D6A-8704-6C9122F7FA36}.Release|Any CPU.ActiveCfg = Release|Any CPU
		{653D4066-B697-4D6A-8704-6C9122F7FA36}.Release|Any CPU.Build.0 = Release|Any CPU
		{53C1CDA7-4038-4BBE-A773-514CF7E5D6FD}.Debug|Any CPU.ActiveCfg = Debug|Any CPU
		{53C1CDA7-4038-4BBE-A773-514CF7E5D6FD}.Debug|Any CPU.Build.0 = Debug|Any CPU
		{53C1CDA7-4038-4BBE-A773-514CF7E5D6FD}.Release|Any CPU.ActiveCfg = Release|Any CPU
		{53C1CDA7-4038-4BBE-A773-514CF7E5D6FD}.Release|Any CPU.Build.0 = Release|Any CPU
		{DD66A2EB-C46F-4F78-A2EE-27B80750D971}.Debug|Any CPU.ActiveCfg = Debug|Any CPU
		{DD66A2EB-C46F-4F78-A2EE-27B80750D971}.Debug|Any CPU.Build.0 = Debug|Any CPU
		{DD66A2EB-C46F-4F78-A2EE-27B80750D971}.Release|Any CPU.ActiveCfg = Release|Any CPU
		{DD66A2EB-C46F-4F78-A2EE-27B80750D971}.Release|Any CPU.Build.0 = Release|Any CPU
		{749409AA-FE94-4189-A9F0-080EC3448FF5}.Debug|Any CPU.ActiveCfg = Debug|Any CPU
		{749409AA-FE94-4189-A9F0-080EC3448FF5}.Debug|Any CPU.Build.0 = Debug|Any CPU
		{749409AA-FE94-4189-A9F0-080EC3448FF5}.Release|Any CPU.ActiveCfg = Release|Any CPU
		{749409AA-FE94-4189-A9F0-080EC3448FF5}.Release|Any CPU.Build.0 = Release|Any CPU
		{BC3F4A8E-9E00-48E8-84C7-365385261E24}.Debug|Any CPU.ActiveCfg = Debug|Any CPU
		{BC3F4A8E-9E00-48E8-84C7-365385261E24}.Debug|Any CPU.Build.0 = Debug|Any CPU
		{BC3F4A8E-9E00-48E8-84C7-365385261E24}.Release|Any CPU.ActiveCfg = Release|Any CPU
		{BC3F4A8E-9E00-48E8-84C7-365385261E24}.Release|Any CPU.Build.0 = Release|Any CPU
		{8F10F514-5761-4E29-899E-CC0E265E2BDA}.Debug|Any CPU.ActiveCfg = Debug|Any CPU
		{8F10F514-5761-4E29-899E-CC0E265E2BDA}.Debug|Any CPU.Build.0 = Debug|Any CPU
		{8F10F514-5761-4E29-899E-CC0E265E2BDA}.Release|Any CPU.ActiveCfg = Release|Any CPU
		{8F10F514-5761-4E29-899E-CC0E265E2BDA}.Release|Any CPU.Build.0 = Release|Any CPU
		{05410B7C-2CC4-448E-9B47-D31A88F19406}.Debug|Any CPU.ActiveCfg = Debug|Any CPU
		{05410B7C-2CC4-448E-9B47-D31A88F19406}.Debug|Any CPU.Build.0 = Debug|Any CPU
		{05410B7C-2CC4-448E-9B47-D31A88F19406}.Release|Any CPU.ActiveCfg = Release|Any CPU
		{05410B7C-2CC4-448E-9B47-D31A88F19406}.Release|Any CPU.Build.0 = Release|Any CPU
		{95C51415-8CD5-4835-AC1F-5F646361BF61}.Debug|Any CPU.ActiveCfg = Debug|Any CPU
		{95C51415-8CD5-4835-AC1F-5F646361BF61}.Debug|Any CPU.Build.0 = Debug|Any CPU
		{95C51415-8CD5-4835-AC1F-5F646361BF61}.Release|Any CPU.ActiveCfg = Release|Any CPU
		{95C51415-8CD5-4835-AC1F-5F646361BF61}.Release|Any CPU.Build.0 = Release|Any CPU
		{3B7326FD-D131-4F16-8E26-AEC62779F434}.Debug|Any CPU.ActiveCfg = Debug|Any CPU
		{3B7326FD-D131-4F16-8E26-AEC62779F434}.Debug|Any CPU.Build.0 = Debug|Any CPU
		{3B7326FD-D131-4F16-8E26-AEC62779F434}.Release|Any CPU.ActiveCfg = Release|Any CPU
		{3B7326FD-D131-4F16-8E26-AEC62779F434}.Release|Any CPU.Build.0 = Release|Any CPU
		{74BDE758-D8B5-437D-B6B6-CD64F7E41ADC}.Debug|Any CPU.ActiveCfg = Debug|Any CPU
		{74BDE758-D8B5-437D-B6B6-CD64F7E41ADC}.Debug|Any CPU.Build.0 = Debug|Any CPU
		{74BDE758-D8B5-437D-B6B6-CD64F7E41ADC}.Release|Any CPU.ActiveCfg = Release|Any CPU
		{74BDE758-D8B5-437D-B6B6-CD64F7E41ADC}.Release|Any CPU.Build.0 = Release|Any CPU
		{0AABD134-FEF6-4E11-BC01-7ACD6357C2A5}.Debug|Any CPU.ActiveCfg = Debug|Any CPU
		{0AABD134-FEF6-4E11-BC01-7ACD6357C2A5}.Debug|Any CPU.Build.0 = Debug|Any CPU
		{0AABD134-FEF6-4E11-BC01-7ACD6357C2A5}.Release|Any CPU.ActiveCfg = Release|Any CPU
		{0AABD134-FEF6-4E11-BC01-7ACD6357C2A5}.Release|Any CPU.Build.0 = Release|Any CPU
		{5D0247A5-5FC6-4988-9BC4-5F79208635B5}.Debug|Any CPU.ActiveCfg = Debug|Any CPU
		{5D0247A5-5FC6-4988-9BC4-5F79208635B5}.Debug|Any CPU.Build.0 = Debug|Any CPU
		{5D0247A5-5FC6-4988-9BC4-5F79208635B5}.Release|Any CPU.ActiveCfg = Release|Any CPU
		{5D0247A5-5FC6-4988-9BC4-5F79208635B5}.Release|Any CPU.Build.0 = Release|Any CPU
		{FD1160FF-7409-4D93-9104-EF01641A017A}.Debug|Any CPU.ActiveCfg = Debug|Any CPU
		{FD1160FF-7409-4D93-9104-EF01641A017A}.Debug|Any CPU.Build.0 = Debug|Any CPU
		{FD1160FF-7409-4D93-9104-EF01641A017A}.Release|Any CPU.ActiveCfg = Release|Any CPU
		{FD1160FF-7409-4D93-9104-EF01641A017A}.Release|Any CPU.Build.0 = Release|Any CPU
		{8629B8E9-0EB5-4920-A958-C062B619EFCE}.Debug|Any CPU.ActiveCfg = Debug|Any CPU
		{8629B8E9-0EB5-4920-A958-C062B619EFCE}.Debug|Any CPU.Build.0 = Debug|Any CPU
		{8629B8E9-0EB5-4920-A958-C062B619EFCE}.Release|Any CPU.ActiveCfg = Release|Any CPU
		{8629B8E9-0EB5-4920-A958-C062B619EFCE}.Release|Any CPU.Build.0 = Release|Any CPU
		{04D5BF18-F2BE-43EC-8863-F7C3DEF5353F}.Debug|Any CPU.ActiveCfg = Debug|Any CPU
		{04D5BF18-F2BE-43EC-8863-F7C3DEF5353F}.Debug|Any CPU.Build.0 = Debug|Any CPU
		{04D5BF18-F2BE-43EC-8863-F7C3DEF5353F}.Release|Any CPU.ActiveCfg = Release|Any CPU
		{04D5BF18-F2BE-43EC-8863-F7C3DEF5353F}.Release|Any CPU.Build.0 = Release|Any CPU
		{57943693-30DC-4E3F-97CC-D239F0F96D17}.Debug|Any CPU.ActiveCfg = Debug|Any CPU
		{57943693-30DC-4E3F-97CC-D239F0F96D17}.Debug|Any CPU.Build.0 = Debug|Any CPU
		{57943693-30DC-4E3F-97CC-D239F0F96D17}.Release|Any CPU.ActiveCfg = Release|Any CPU
		{57943693-30DC-4E3F-97CC-D239F0F96D17}.Release|Any CPU.Build.0 = Release|Any CPU
		{B4A0CF79-87D2-4DF3-B37B-BECB9C7F5968}.Debug|Any CPU.ActiveCfg = Debug|Any CPU
		{B4A0CF79-87D2-4DF3-B37B-BECB9C7F5968}.Debug|Any CPU.Build.0 = Debug|Any CPU
		{B4A0CF79-87D2-4DF3-B37B-BECB9C7F5968}.Release|Any CPU.ActiveCfg = Release|Any CPU
		{B4A0CF79-87D2-4DF3-B37B-BECB9C7F5968}.Release|Any CPU.Build.0 = Release|Any CPU
		{054D9B10-4EED-4575-94B4-7B5EA2CCAA51}.Debug|Any CPU.ActiveCfg = Debug|Any CPU
		{054D9B10-4EED-4575-94B4-7B5EA2CCAA51}.Debug|Any CPU.Build.0 = Debug|Any CPU
		{054D9B10-4EED-4575-94B4-7B5EA2CCAA51}.Release|Any CPU.ActiveCfg = Release|Any CPU
		{054D9B10-4EED-4575-94B4-7B5EA2CCAA51}.Release|Any CPU.Build.0 = Release|Any CPU
	EndGlobalSection
	GlobalSection(SolutionProperties) = preSolution
		HideSolutionNode = FALSE
	EndGlobalSection
	GlobalSection(NestedProjects) = preSolution
		{4B6223A6-3156-486B-808B-6B18AAADBF63} = {C8ACBBA9-16BD-4361-A5FB-B35278752B19}
		{6745404E-CC66-4226-A28D-6E2C16357863} = {C8ACBBA9-16BD-4361-A5FB-B35278752B19}
		{7E20382C-A1AE-4D67-AE08-F26E4B54D472} = {C8ACBBA9-16BD-4361-A5FB-B35278752B19}
		{83089EA0-510E-43A4-B316-FADC3C1D4C67} = {C8ACBBA9-16BD-4361-A5FB-B35278752B19}
		{C0107BC5-3058-40DD-AC85-FF3E0F9404B2} = {C8ACBBA9-16BD-4361-A5FB-B35278752B19}
		{7AB59F3C-9B6B-4E3F-9BFE-95F99435CD6B} = {C8ACBBA9-16BD-4361-A5FB-B35278752B19}
		{14DA1C2D-3A63-4993-847A-15F6E4659E52} = {C8ACBBA9-16BD-4361-A5FB-B35278752B19}
		{C1F19A6E-C89C-4A23-84D6-7E2008A0BA23} = {C8ACBBA9-16BD-4361-A5FB-B35278752B19}
		{9CE85CF8-5C27-4D33-B3D3-44FEB306DDDD} = {C8ACBBA9-16BD-4361-A5FB-B35278752B19}
		{7F4C3CD6-C310-408B-B3C6-68D6774998EF} = {C8ACBBA9-16BD-4361-A5FB-B35278752B19}
		{3A853E5E-DC07-4B56-AB0F-B3DD787FEA42} = {C8ACBBA9-16BD-4361-A5FB-B35278752B19}
		{5626F79F-66AB-4B5F-834D-CC14B88A270B} = {C8ACBBA9-16BD-4361-A5FB-B35278752B19}
		{53C1CDA7-4038-4BBE-A773-514CF7E5D6FD} = {C8ACBBA9-16BD-4361-A5FB-B35278752B19}
		{749409AA-FE94-4189-A9F0-080EC3448FF5} = {C8ACBBA9-16BD-4361-A5FB-B35278752B19}
		{BC3F4A8E-9E00-48E8-84C7-365385261E24} = {C8ACBBA9-16BD-4361-A5FB-B35278752B19}
		{3B7326FD-D131-4F16-8E26-AEC62779F434} = {C8ACBBA9-16BD-4361-A5FB-B35278752B19}
		{74BDE758-D8B5-437D-B6B6-CD64F7E41ADC} = {C8ACBBA9-16BD-4361-A5FB-B35278752B19}
		{FD1160FF-7409-4D93-9104-EF01641A017A} = {C8ACBBA9-16BD-4361-A5FB-B35278752B19}
		{8629B8E9-0EB5-4920-A958-C062B619EFCE} = {C8ACBBA9-16BD-4361-A5FB-B35278752B19}
		{04D5BF18-F2BE-43EC-8863-F7C3DEF5353F} = {A6FC1066-E18D-4616-8512-347688D3C74E}
		{57943693-30DC-4E3F-97CC-D239F0F96D17} = {A6FC1066-E18D-4616-8512-347688D3C74E}
		{A6FC1066-E18D-4616-8512-347688D3C74E} = {E57BDA2A-46D1-4782-A85C-7AD542E661AE}
		{054D9B10-4EED-4575-94B4-7B5EA2CCAA51} = {C8ACBBA9-16BD-4361-A5FB-B35278752B19}
	EndGlobalSection
	GlobalSection(ExtensibilityGlobals) = postSolution
		SolutionGuid = {F9F58E15-1F9A-4AAC-831F-9C7A81512C01}
	EndGlobalSection
EndGlobal
